
Microsoft Visual Studio Solution File, Format Version 12.00
# Visual Studio Version 17
VisualStudioVersion = 17.6.33927.249
MinimumVisualStudioVersion = 10.0.40219.1
Project("{9A19103F-16F7-4668-BE54-9A1E7A4F7556}") = "TodoAPI", "TodoAPI\TodoAPI.csproj", "{65414772-7712-4F48-9C99-E392DBD1E4E2}"
EndProject
Project("{9A19103F-16F7-4668-BE54-9A1E7A4F7556}") = "TodoAPI.Shared", "TodoAPI.Shared\TodoAPI.Shared.csproj", "{6FA9D078-2CA4-4A14-9385-D942F3CF2682}"
EndProject
Project("{9A19103F-16F7-4668-BE54-9A1E7A4F7556}") = "TodoAPI.DAL", "TodoAPI.DAL\TodoAPI.DAL.csproj", "{9B8217CD-D81D-4454-8643-631C621CE370}"
EndProject
Project("{9A19103F-16F7-4668-BE54-9A1E7A4F7556}") = "TodoAPI.Services", "TodoAPI.Services\TodoAPI.Services.csproj", "{E5A12E13-9D7C-43D3-B747-17934614FA69}"
EndProject
Project("{9A19103F-16F7-4668-BE54-9A1E7A4F7556}") = "TodoAPI.APIResponse", "TodoAPI.APIResponse\TodoAPI.APIResponse.csproj", "{47220A72-CBCD-463A-817C-9EE5463B1F3B}"
EndProject
Project("{9A19103F-16F7-4668-BE54-9A1E7A4F7556}") = "TodoAPI.XUnit", "TodoAPI.XUnit\TodoAPI.XUnit.csproj", "{C409A9DB-7957-4433-93DE-49771645B1A5}"
EndProject
Global
	GlobalSection(SolutionConfigurationPlatforms) = preSolution
		Debug|Any CPU = Debug|Any CPU
		Release|Any CPU = Release|Any CPU
	EndGlobalSection
	GlobalSection(ProjectConfigurationPlatforms) = postSolution
		{65414772-7712-4F48-9C99-E392DBD1E4E2}.Debug|Any CPU.ActiveCfg = Debug|Any CPU
		{65414772-7712-4F48-9C99-E392DBD1E4E2}.Debug|Any CPU.Build.0 = Debug|Any CPU
		{65414772-7712-4F48-9C99-E392DBD1E4E2}.Release|Any CPU.ActiveCfg = Release|Any CPU
		{65414772-7712-4F48-9C99-E392DBD1E4E2}.Release|Any CPU.Build.0 = Release|Any CPU
		{6FA9D078-2CA4-4A14-9385-D942F3CF2682}.Debug|Any CPU.ActiveCfg = Debug|Any CPU
		{6FA9D078-2CA4-4A14-9385-D942F3CF2682}.Debug|Any CPU.Build.0 = Debug|Any CPU
		{6FA9D078-2CA4-4A14-9385-D942F3CF2682}.Release|Any CPU.ActiveCfg = Release|Any CPU
		{6FA9D078-2CA4-4A14-9385-D942F3CF2682}.Release|Any CPU.Build.0 = Release|Any CPU
		{9B8217CD-D81D-4454-8643-631C621CE370}.Debug|Any CPU.ActiveCfg = Debug|Any CPU
		{9B8217CD-D81D-4454-8643-631C621CE370}.Debug|Any CPU.Build.0 = Debug|Any CPU
		{9B8217CD-D81D-4454-8643-631C621CE370}.Release|Any CPU.ActiveCfg = Release|Any CPU
		{9B8217CD-D81D-4454-8643-631C621CE370}.Release|Any CPU.Build.0 = Release|Any CPU
		{E5A12E13-9D7C-43D3-B747-17934614FA69}.Debug|Any CPU.ActiveCfg = Debug|Any CPU
		{E5A12E13-9D7C-43D3-B747-17934614FA69}.Debug|Any CPU.Build.0 = Debug|Any CPU
		{E5A12E13-9D7C-43D3-B747-17934614FA69}.Release|Any CPU.ActiveCfg = Release|Any CPU
		{E5A12E13-9D7C-43D3-B747-17934614FA69}.Release|Any CPU.Build.0 = Release|Any CPU
		{47220A72-CBCD-463A-817C-9EE5463B1F3B}.Debug|Any CPU.ActiveCfg = Debug|Any CPU
		{47220A72-CBCD-463A-817C-9EE5463B1F3B}.Debug|Any CPU.Build.0 = Debug|Any CPU
		{47220A72-CBCD-463A-817C-9EE5463B1F3B}.Release|Any CPU.ActiveCfg = Release|Any CPU
		{47220A72-CBCD-463A-817C-9EE5463B1F3B}.Release|Any CPU.Build.0 = Release|Any CPU
		{C409A9DB-7957-4433-93DE-49771645B1A5}.Debug|Any CPU.ActiveCfg = Debug|Any CPU
		{C409A9DB-7957-4433-93DE-49771645B1A5}.Debug|Any CPU.Build.0 = Debug|Any CPU
		{C409A9DB-7957-4433-93DE-49771645B1A5}.Release|Any CPU.ActiveCfg = Release|Any CPU
		{C409A9DB-7957-4433-93DE-49771645B1A5}.Release|Any CPU.Build.0 = Release|Any CPU
	EndGlobalSection
	GlobalSection(SolutionProperties) = preSolution
		HideSolutionNode = FALSE
	EndGlobalSection
	GlobalSection(ExtensibilityGlobals) = postSolution
		SolutionGuid = {D09B96F7-4D7A-4D15-AE1E-B3A36FCE4CB2}
	EndGlobalSection
EndGlobal
